version = 1
revision = 3
requires-python = ">=3.11, <3.14"

[[package]]
name = "dbt"
version = "2.0.6"
source = { registry = "https://pypi.org/simple" }
dependencies = [
    { name = "mashumaro", extra = ["msgpack"] },
]
sdist = { url = "https://files.pythonhosted.org/packages/b2/a0/89db2b6e0abc254b31ef9995af17b76b1eef27b2362d8be0120add315abf/dbt-2.0.6.tar.gz", hash = "sha256:1e1b69302fcaa5e30fb0ab76e845693e679cad4ae48cbdfab3b425a33a94af16", size = 3291, upload-time = "2026-09-19T13:22:27.612Z" }

[[package]]
name = "mashumaro"
version = "3.23"
source = { registry = "https://pypi.org/simple" }
dependencies = [
    { name = "typing-extensions" },
]
sdist = { url = "https://files.pythonhosted.org/packages/09/18/6383ce957a0551d8704936ffef1ecf0b0c620543999a44f9adf6c5f30888/mashumaro-3.23.tar.gz", hash = "sha256:ed69d5bc548c76efbb5286cc0e541a6b8796e621385f986e25b750364011abf5", size = 141901, upload-time = "2026-09-30T20:21:40.905Z" }
wheels = [
    { url = "https://files.pythonhosted.org/packages/4e/eb/2c5e2b0df54c9c979d45bfa4820687ab24797fe1ad42d4fdfc0c8ece59f1/mashumaro-3.23-py3-none-any.whl", hash = "sha256:a671279ce93119d41c54adcd767753ae68adb32b9473de2f9d5d1720d2376231", size = 78621, upload-time = "2026-09-30T20:21:39.403Z" },
]

[package.optional-dependencies]
msgpack = [
    { name = "msgpack" },
]

[[package]]
name = "msgpack"
version = "1.2.3"
source = { registry = "https://pypi.org/simple" }
sdist = { url = "https://files.pythonhosted.org/packages/0a/e7/bb605a7bab2d8425a64b3fa762b39dc1bf1c7e3f11ba6fb5413d6db0ff8c/msgpack-1.2.3.tar.gz", hash = "sha256:32edb81a2b5eb7cd7c9d941b2bfbbb082fd2cd09e0e725930316af6b708db186", size = 196517, upload-time = "2026-09-29T02:33:52.276Z" }
wheels = [
    { url = "https://files.pythonhosted.org/packages/2a/95/b9c651ccb9d720b2e2c8d537954dff528ab869a03bf89598145716db823c/msgpack-1.2.3-cp311-cp311-macosx_10_9_x86_64.whl", hash = "sha256:ec90a9ae3e1169fa1171147340f0e97d941aa19fcd3b34e8339a55933ed042af", size = 90404, upload-time = "2026-09-29T02:31:44.826Z" },
    { url = "https://files.pythonhosted.org/packages/50/cd/fc9e2e367e80f1493e2ec5f610dda558b344eeede296f88976db133e8f2c/msgpack-1.2.3-cp311-cp311-macosx_11_0_arm64.whl", hash = "sha256:9d7e9cbb0998bbfd363fd9a09c330520d5e9cb323c05b5a1a05865d23ccf2226", size = 89683, upload-time = "2026-09-29T02:31:46.413Z" },
    { url = "https://files.pythonhosted.org/packages/19/9e/1028485c6886c1c117f777cc9b053e541eff0fedb3292dfb1da95040edb5/msgpack-1.2.3-cp311-cp311-manylinux2014_aarch64.manylinux_2_17_aarch64.manylinux_2_28_aarch64.whl", hash = "sha256:6707d2fa2aa1bb5424ea0b05f44ffc989b15ab41a73ff5855bff4944fec7c8ac", size = 465347, upload-time = "2026-09-29T02:31:47.934Z" },
    { url = "https://files.pythonhosted.org/packages/aa/83/800570e6a22376eb8d599920f70aead4779a63611696f567477c4e85a70f/msgpack-1.2.3-cp311-cp311-manylinux2014_x86_64.manylinux_2_17_x86_64.manylinux_2_28_x86_64.whl", hash = "sha256:382b219de3d436de3baba0f4b0c6d4336e8f5858d0eb047918b13b69a71c6c55", size = 477820, upload-time = "2026-09-29T02:31:49.479Z" },
    { url = "https://files.pythonhosted.org/packages/ab/ff/817e4a2052f848d3fb67726908d6e4e7c19f68ee7c19553a82ce7b0ed415/msgpack-1.2.3-cp311-cp311-manylinux_2_31_riscv64.manylinux_2_39_riscv64.whl", hash = "sha256:186e6c602b8a9968b8e864c67d622a69279f7d1e55ae25f40e3bff7e815b2b62", size = 436656, upload-time = "2026-09-29T02:31:51.18Z" },
    { url = "https://files.pythonhosted.org/packages/3d/42/040cc55dde6a7d92057baac8d1fc9cfb9f4fd4162900e2ec16dc33917a7d/msgpack-1.2.3-cp311-cp311-musllinux_1_2_aarch64.whl", hash = "sha256:9276ba88891338f2617044429dfd080ae008c9868a25f6f1a7d004a35dc9ac0a", size = 460939, upload-time = "2026-09-29T02:31:53.026Z" },
    { url = "https://files.pythonhosted.org/packages/09/93/4dc007bdef930eed247346773bc0189b710078961d3218d5ee7ba59f322c/msgpack-1.2.3-cp311-cp311-musllinux_1_2_riscv64.whl", hash = "sha256:c942c21a93f36b3a69e828c8945bb72c94dc2ffe488a2086950c812f3edf046c", size = 433608, upload-time = "2026-09-29T02:31:54.981Z" },
    { url = "https://files.pythonhosted.org/packages/c0/97/a1b944046f283ec89445cb2a982c42233b5b07cc630f9be739f4f1d469a3/msgpack-1.2.3-cp311-cp311-musllinux_1_2_x86_64.whl", hash = "sha256:18a6ed513023001b28dcd3ba54966f6bb90a38274ba8d2640464bcab3a1b81d4", size = 477373, upload-time = "2026-09-29T02:31:56.713Z" },
    { url = "https://files.pythonhosted.org/packages/59/79/ab411d0d172743732ab2503f4c32a22dd1a7d1436a6feecbb160e4b6376a/msgpack-1.2.3-cp311-cp311-win32.whl", hash = "sha256:d0238cd05dec9ffbe0de1071df685ba63e30a36ac155285b1a094e727c38cbe9", size = 67514, upload-time = "2026-09-29T02:31:58.267Z" },
    { url = "https://files.pythonhosted.org/packages/63/8d/6f0cb2b84e484e96278455c26870196d025bb0cec312b226a663f1fa9000/msgpack-1.2.3-cp311-cp311-win_amd64.whl", hash = "sha256:30e1522e4173230dca4d9ad896f038f73c0da6c1edd42f4dbad88ac583cf5d46", size = 75850, upload-time = "2026-09-29T02:31:59.449Z" },
    { url = "https://files.pythonhosted.org/packages/aa/25/f99e13a2c1d3f5a1dcaa5aab27f474e8c4358188bbc68ad79fecb0d1aefe/msgpack-1.2.3-cp311-cp311-win_arm64.whl", hash = "sha256:8ca67f77938ea6a3663aa9bd22b3e031f6da84d665be850abab910ee90728dfd", size = 72338, upload-time = "2026-09-29T02:32:00.885Z" },
    { url = "https://files.pythonhosted.org/packages/af/12/4d7c6d6203416d9fbf0f59ebaa805e70fb929b93a41b611bc821ec5964a0/msgpack-1.2.3-cp312-cp312-macosx_10_13_x86_64.whl", hash = "sha256:89c930aece4e972b208ba589c8410b4167b05e411a5ea2cb25fd96f8bc47ee43", size = 91577, upload-time = "2026-09-29T02:32:02.141Z" },
    { url = "https://files.pythonhosted.org/packages/eb/c7/8576ad39f4ca42ddad26f68eb8621d2d0a60501193d480f504bd9d7f36c4/msgpack-1.2.3-cp312-cp312-macosx_11_0_arm64.whl", hash = "sha256:905a189853d6bdb204c7ae5f4ab77fb857448abfff574d3d93c62e2815b24b4f", size = 90027, upload-time = "2026-09-29T02:32:03.508Z" },
    { url = "https://files.pythonhosted.org/packages/0a/3a/aa9c580aea1314529a0f3562461479780b0d254b064f0880956bfbcc74a8/msgpack-1.2.3-cp312-cp312-manylinux2014_aarch64.manylinux_2_17_aarch64.manylinux_2_28_aarch64.whl", hash = "sha256:f3d7b3d0018746b5997dd6b14a1870b07cc4c327d9101145d94a1fc264a51a06", size = 460343, upload-time = "2026-09-29T02:32:04.906Z" },
    { url = "https://files.pythonhosted.org/packages/3a/cf/9c2e4d6c179529d5bf4a64cff76fa581486569e9fbdd35bd98f51cb624bf/msgpack-1.2.3-cp312-cp312-manylinux2014_x86_64.manylinux_2_17_x86_64.manylinux_2_28_x86_64.whl", hash = "sha256:ede33b2892ceb976283e009ad12fa1834cfdf1f9c43ee9c97849fc588d00a618", size = 472998, upload-time = "2026-09-29T02:32:06.69Z" },
    { url = "https://files.pythonhosted.org/packages/7b/41/915c81fe6df2d3cbdb0dece4f1a5cd313e1cd2abd9f501d0f50c0582517e/msgpack-1.2.3-cp312-cp312-manylinux_2_31_riscv64.manylinux_2_39_riscv64.whl", hash = "sha256:666ef5601ab0e6e345e47febc96aa81143cc932201543480cbb9499164f05ffb", size = 423216, upload-time = "2026-09-29T02:32:08.739Z" },
    { url = "https://files.pythonhosted.org/packages/a2/e7/7dda8b1039abfd9bba4c5068172c67135c9e33089f503512db9226f23c24/msgpack-1.2.3-cp312-cp312-musllinux_1_2_aarch64.whl", hash = "sha256:87cf2ef05ff2f2493ba29fcdaef27e960ca64dacfd13460ae29e6f92e0ed05bb", size = 451218, upload-time = "2026-09-29T02:32:10.517Z" },
    { url = "https://files.pythonhosted.org/packages/16/5b/ce995c1ed4a0522b7f2d034bc2034fd63005f240b945961b70fb56fbaf3d/msgpack-1.2.3-cp312-cp312-musllinux_1_2_riscv64.whl", hash = "sha256:b774ff994d844e541439ac5d2d49a14def4104830c3465e9394c153f86200ffb", size = 422453, upload-time = "2026-09-29T02:32:11.956Z" },
    { url = "https://files.pythonhosted.org/packages/d2/3f/ce191fb87e2650d0166b34c437e499ee4a7f9db9c1eb164f41725eb6160e/msgpack-1.2.3-cp312-cp312-musllinux_1_2_x86_64.whl", hash = "sha256:eaf7e82249837e3aa97297b34a0bb9ff562027381631e057cea6e1367f10b438", size = 469003, upload-time = "2026-09-29T02:32:13.663Z" },
    { url = "https://files.pythonhosted.org/packages/42/35/539123407fe200fb16609c835675496fbeb6017ace9fc93909f0613223ae/msgpack-1.2.3-cp312-cp312-win32.whl", hash = "sha256:7c047250096f9fc19dba26e3d1639b5e7a84114003605c94def667149a70ced1", size = 68303, upload-time = "2026-09-29T02:32:15.02Z" },
    { url = "https://files.pythonhosted.org/packages/6f/4c/331b45f9b86fbda6b9e103244d189068e51f726d8c40021ed66e1f2c415e/msgpack-1.2.3-cp312-cp312-win_amd64.whl", hash = "sha256:3ec409b0d6aa8e9eec6eaf881b893caa215dbe68c5319ca96e8a271d81bb111d", size = 76744, upload-time = "2026-09-29T02:32:16.344Z" },
    { url = "https://files.pythonhosted.org/packages/13/9f/fb572dc42b9fac06c7ea848aaee6e140d84469743bd1402bc07089fc4566/msgpack-1.2.3-cp312-cp312-win_arm64.whl", hash = "sha256:59612b4ed48a04cf024584218e813562f3b30a3bafa5f55abe300b15da314751", size = 71580, upload-time = "2026-09-29T02:32:17.617Z" },
    { url = "https://files.pythonhosted.org/packages/1f/8b/3824d65e912e925d09ce30d9130fa9970d6d2855d7888b13639a6604967f/msgpack-1.2.3-cp313-cp313-macosx_10_13_x86_64.whl", hash = "sha256:21bfa4d2aa0b04c1806ef778a1199e9e53ea2441bcbf284420a32083896320b8", size = 91728, upload-time = "2026-09-29T02:32:18.949Z" },
    { url = "https://files.pythonhosted.org/packages/05/e6/df7f2c9ebb94760113debbcea2bd3afe5fdab88a4f7bec1b618755517460/msgpack-1.2.3-cp313-cp313-macosx_11_0_arm64.whl", hash = "sha256:db84203b13aecc222f465061397fdd5b53b7ae73d2c95ffc1c8dc5be0153a709", size = 89955, upload-time = "2026-09-29T02:32:20.224Z" },
    { url = "https://files.pythonhosted.org/packages/08/6a/e5fc57136e8bacccb2b39627dea2cd546540a06181e22fe6db90e15b3ae4/msgpack-1.2.3-cp313-cp313-manylinux2014_aarch64.manylinux_2_17_aarch64.manylinux_2_28_aarch64.whl", hash = "sha256:5e0d7950ca3c1bbae291d0552dd3bb2792fc680629c4c0d44e47e5bab969f3ca", size = 454930, upload-time = "2026-09-29T02:32:21.771Z" },
    { url = "https://files.pythonhosted.org/packages/b0/30/c394d37898db9212d1693456cdf363c7e1a097d0b63e10664007f3df3ec1/msgpack-1.2.3-cp313-cp313-manylinux2014_x86_64.manylinux_2_17_x86_64.manylinux_2_28_x86_64.whl", hash = "sha256:07c9733089d1b176c3dd2f7fa268452f9d5d784d076473499d754a58e8d1fbbb", size = 466866, upload-time = "2026-09-29T02:32:23.742Z" },
    { url = "https://files.pythonhosted.org/packages/4a/c8/1e4ddf6f6b829b3ee6c530c79dfae89cb609d2b0eedb5e0ae716851c52d1/msgpack-1.2.3-cp313-cp313-manylinux_2_31_riscv64.manylinux_2_39_riscv64.whl", hash = "sha256:f24a43b3560e20f825b807fe1e874bd73d53abaf8bbdcf258a6eb152cddbc1f5", size = 418715, upload-time = "2026-09-29T02:32:25.262Z" },
    { url = "https://files.pythonhosted.org/packages/11/a5/f460ba6d7a12d4301002f3efbb8f841e8bdc9c5fc98d771689677a352885/msgpack-1.2.3-cp313-cp313-musllinux_1_2_aarch64.whl", hash = "sha256:6576f348ed6cc4f31db6fd915a8e94245f042f50eae08d48732425e70638ea37", size = 446489, upload-time = "2026-09-29T02:32:26.988Z" },
    { url = "https://files.pythonhosted.org/packages/49/23/adface88db909bed321c85dd673655152d4a514c67e1f0800eb51c777d07/msgpack-1.2.3-cp313-cp313-musllinux_1_2_riscv64.whl", hash = "sha256:cd5a9f9f86a52c24713679aa2631956835f3842512964ff93f736ff76f1f530d", size = 416998, upload-time = "2026-09-29T02:32:28.606Z" },
    { url = "https://files.pythonhosted.org/packages/36/00/5bb3a239ccfc3763c4d0fa49b13b1b7010b00182c499ab3c1fecfe6294bc/msgpack-1.2.3-cp313-cp313-musllinux_1_2_x86_64.whl", hash = "sha256:f9ddd28d3e9bbc602a9dced1591882c7fb9ab776eef8837da2c326fde19e2853", size = 463288, upload-time = "2026-09-29T02:32:30.375Z" },
    { url = "https://files.pythonhosted.org/packages/29/8c/456df77f00d701df9d6980ffb80291bce6e4e2e112e25a4dfae216f0715a/msgpack-1.2.3-cp313-cp313-pyemscripten_2025_0_wasm32.whl", hash = "sha256:62cc1a4ef0e553bac32c8342e1f04834aca7de276b92744eb7307db77759b890", size = 53347, upload-time = "2026-09-29T02:32:31.867Z" },
    { url = "https://files.pythonhosted.org/packages/9d/22/ce780be666f89b77cdb855daa9ec62e87bb7f69e9f403e4a5d83a2b2208f/msgpack-1.2.3-cp313-cp313-win32.whl", hash = "sha256:d2f9c4f85e47a44d26d5baf3b041eef23436e224d44eed273f01bd8a12048d9f", size = 68258, upload-time = "2026-09-29T02:32:33.163Z" },
    { url = "https://files.pythonhosted.org/packages/51/06/c3def9bc4db283103c5901b302ee2a4305cb1e69729244f94d9bd8f8e8e7/msgpack-1.2.3-cp313-cp313-win_amd64.whl", hash = "sha256:bb89b5dc30469c84bbf8684826eb851d82412ca95690e111b9ac5e8fb343961a", size = 76569, upload-time = "2026-09-29T02:32:34.412Z" },
    { url = "https://files.pythonhosted.org/packages/12/9f/cef344073858b80adb92d6ea342e20b0eae7a8f6fe70281b69cf03707270/msgpack-1.2.3-cp313-cp313-win_arm64.whl", hash = "sha256:471e12a6a42498a31490c206e0069e343b6a7c35db540be73a879eb06f5be047", size = 71530, upload-time = "2026-09-29T02:32:35.892Z" },
]

[[package]]
name = "shopstream-dbt"
version = "0.0.0"
source = { virtual = "." }
dependencies = [
    { name = "dbt" },
]

[package.metadata]
requires-dist = [{ name = "dbt", specifier = "==2.0.6" }]

[[package]]
name = "typing-extensions"
version = "4.16.0"
source = { registry = "https://pypi.org/simple" }
sdist = { url = "https://files.pythonhosted.org/packages/f6/cc/6253133b5bb138fc3306cebfbda2c520f545d36b5be2c7255cc528bb45d6/typing_extensions-4.16.0.tar.gz", hash = "sha256:dc983d19a509c94dba722ee6abd33940f7c05a89e243c47e907eb4db6f1a43e5", size = 113555, upload-time = "2026-07-02T08:40:05.92Z" }
wheels = [
    { url = "https://files.pythonhosted.org/packages/49/d3/b8441a820a491ddfc024b0b0cf0393375b75ea13866d9c66727e54c2fc80/typing_extensions-4.16.0-py3-none-any.whl", hash = "sha256:481caa481374e813c1b176ada14e97f1f67a4539ce9cfeb3f350d78d6370c2e8", size = 45571, upload-time = "2026-07-02T08:40:04.659Z" },
]
